# This file is automatically @generated by Cargo.
# It is not intended for manual editing.
[[package]]
name = "branch-bound"
version = "0.1.0"

[[package]]
name = "disjoint-set"
version = "0.1.0"

[[package]]
name = "graph"
version = "0.1.0"
dependencies = [
 "matrix",
]

[[package]]
name = "matrix"
version = "0.1.0"
